
Microsoft Visual Studio Solution File, Format Version 12.00
# Visual Studio Version 17
VisualStudioVersion = 17.9.34728.123
MinimumVisualStudioVersion = 10.0.40219.1
Project("{FAE04EC0-301F-11D3-BF4B-00C04F79EFBC}") = "huynhkimthang_0145_Final_LTC#", "huynhkimthang_0145_Final_LTC#.csproj", "{36E7B859-46E9-4565-8E53-0829EC05A60E}"
EndProject
Global
	GlobalSection(SolutionConfigurationPlatforms) = preSolution
		Debug|Any CPU = Debug|Any CPU
		Release|Any CPU = Release|Any CPU
	EndGlobalSection
	GlobalSection(ProjectConfigurationPlatforms) = postSolution
		{36E7B859-46E9-4565-8E53-0829EC05A60E}.Debug|Any CPU.ActiveCfg = Debug|Any CPU
		{36E7B859-46E9-4565-8E53-0829EC05A60E}.Debug|Any CPU.Build.0 = Debug|Any CPU
		{36E7B859-46E9-4565-8E53-0829EC05A60E}.Release|Any CPU.ActiveCfg = Release|Any CPU
		{36E7B859-46E9-4565-8E53-0829EC05A60E}.Release|Any CPU.Build.0 = Release|Any CPU
	EndGlobalSection
	GlobalSection(SolutionProperties) = preSolution
		HideSolutionNode = FALSE
	EndGlobalSection
	GlobalSection(ExtensibilityGlobals) = postSolution
		SolutionGuid = {0D1F520A-57E8-4E86-9702-1DF001D8FB63}
	EndGlobalSection
EndGlobal
